
Microsoft Visual Studio Solution File, Format Version 12.00
# Visual Studio 15
VisualStudioVersion = 15.0.28307.329
MinimumVisualStudioVersion = 10.0.40219.1
Project("{888888A0-9F3D-457C-B088-3A5042F75D52}") = "Scorpio_HUD", "Scorpio_HUD\Scorpio_HUD.pyproj", "{ED5B17F9-0453-4522-82B2-DC1AAFB78C72}"
EndProject
Global
	GlobalSection(SolutionConfigurationPlatforms) = preSolution
		Debug|Any CPU = Debug|Any CPU
		Release|Any CPU = Release|Any CPU
	EndGlobalSection
	GlobalSection(ProjectConfigurationPlatforms) = postSolution
		{ED5B17F9-0453-4522-82B2-DC1AAFB78C72}.Debug|Any CPU.ActiveCfg = Debug|Any CPU
		{ED5B17F9-0453-4522-82B2-DC1AAFB78C72}.Release|Any CPU.ActiveCfg = Release|Any CPU
	EndGlobalSection
	GlobalSection(SolutionProperties) = preSolution
		HideSolutionNode = FALSE
	EndGlobalSection
	GlobalSection(ExtensibilityGlobals) = postSolution
		SolutionGuid = {B3F4F2FA-65C8-4740-9BA1-851F0D0D9CCE}
	EndGlobalSection
EndGlobal
